# 固定可复现依赖 SHA。CI 与 scripts/fetch_deps.sh 只认本文件。
# 格式：name repo=<url> sha=<40hex> dir=<BBT_DEPS_DIR 下目录名>
core repo=https://github.com/yqm-307/bbtools-core.git sha=524b5aa9a4c528908b61bdf00d1834f66c3d49f3 dir=core-master
coroutine repo=https://github.com/yqm-307/bbtools-coroutine.git sha=5bda5276f42f0200a26d22c8807d2d260a4e3fa7 dir=coroutine-main
infra repo=https://github.com/yqm-307/bbtools-infra.git sha=4b51b606799103329aaf90e4e57bfd27fa20c4c5 dir=infra-main
